version: 1
checksums:
  731688e6cfff79a716725f7a5d7dd274:
    disclaimer/text: 625a9f380b3760e163ef2c2ab8aa6100
    footer/builtBy: 06fb87953cf485b8d7ac27a00d215e03
    footer/hostedOn: 7de04c9ccf729a5278c6adc66fb18ed0
    footer/llms: 1f43c95ec700ff16152f324118a82aa8
    footer/sourceAvailableOn: f0b01c48b856ae4656e35f7aa2d10a80
    footer/twitter: ba3d4aed69a50759b53a0b7c319a3ad9
    fumadocs/displayName: e1eeeb379f86a015d6e581fcbc4af7f3
    fumadocs/search: a0975e1f06ecbfeeab0b78f1fec39d3f
    hero/copied: 0d1b21bf6919e363f5c4a4ac75dab210
    hero/copyCommand: 9eb11dfe0d42aace91e1e5b1dc164e4f
    hero/fixCosts: 1c1c94d8999ea80541fb57c60fa98973
    hero/github: 6e1cf3c00fa6fbe24afcc78ea3b5f3e4
    hero/headingLine1: e22a8e4a0c0e68039dccf6a40dcc6fa8
    hero/headingLine2: 79d1d27b637960b36f992e71f41e192c
    hero/selectPackageManager: eb3fb7ab2704f277c3483f9dcce055ad
    hero/subtitle: f08aeb754e9de47f129eeaf159d11fe4
    horrorsPage/description: 440c7ab401b2563f2d42471578f2df2c
    horrorsPage/heading: 0fd30bc8c5305fb59375a6d5d16dbfd4
    horrorsPage/shareYourStory: bb4fe2b8b009f6ef341d7c66ce55c7c7
    nav/docs: 55fea190a0c0fb32acd3dc986cd3cc91
    nav/horrors: 0fd30bc8c5305fb59375a6d5d16dbfd4
    nav/showcase: 1762e8aded14436a646313ff607f1a6d
    nav/sponsors: 597c646b3f4d05fe05211361258699c1
    notFound/description: ab3bc8bf202ece707285cb13ccd024f3
    notFound/explore: 69560a8d5ef8a05a483e58e427ff76ed
    notFound/goHome: 6251589da1964d55afabdfd64c84c335
    preFooter/by: 4bfd9ca52df95a588eb1829ede67aedb
    preFooter/getStarted: 5c783951b0100a168bdd2161ff294833
    preFooter/heading: d53f833f9b54430ece1412bcf339d5b8
    preFooter/sectionLabel: 7c1a9bd8ed413381320ef39417cd32ad
    preFooter/viewOnGithub: f4ed8bf57c5ab83d3cf439e6dacc6dd5
    score/critical: eb327cd411b50aee954f8d1d215d003a
    score/great: 6194593238f7b88be925f4d35fe60110
    score/needsWork: 5e2a87ac87a6b0a9164ec800378812a8
    share/across: 40571a29ec15142cab7962d248ef4e2d
    share/addBadgeToReadme: 4a46edd9fef413b33f10447e68edad99
    share/copied: 29208e06d704c4fc4b8b534dc7acc4ef
    share/copy: 627c00d2c850b9b45f7341a6ac01b6bb
    share/error: c8dbe12b265d193210314d91b9bd1969
    share/errors: 00f24365b7829c8c63d5a3083c7cd658
    share/file: ff54df6bcb27abe91b5c5c2a41520973
    share/files: 3fcf034ac93aa3789488ffd876bfe7e9
    share/myProject: ef580d5daea133f95faf919786478009
    share/openSvg: 9e9a0134511f3f8bc973029973f0dd94
    share/runOnCodebase: 1bcb76dc1f97e290711353c39c20c726
    share/shareOnLinkedIn: 924826938b597f6cfb8c95b2606772a8
    share/shareOnX: 593a555a154437ef94b4b7e11f559771
    share/tweetSuffix: 4f3b523758f0ba7e89c04b6af51d0003
    share/warning: 3d989423ebc9b56a7020becc85720059
    share/warnings: 4fe08a74531c3e477f96986f9d89b089
    showcasePage/description: 165370fea1953b3a265e26a22f77b556
    showcasePage/empty: 19629d85b4eec3f486b6ba0a3915f51c
    showcasePage/heading: 1762e8aded14436a646313ff607f1a6d
    showcasePage/suggestYours: 377be5be45763a045a1608c0169c3747
    sponsorsPage/description: ec5cd2f324ed134fccec7271673a7747
    sponsorsPage/empty: 7b886c43d7b5c16c93c6535557505b9e
    sponsorsPage/heading: 597c646b3f4d05fe05211361258699c1
    sponsorsPage/organizationSponsors: 2f9d111d2722dfa01d7c83bc3612e7fd
    sponsorsPage/sponsorMyWork: a29b433b07a9b3462e07528f0a08af37
    sponsorsSection/description: ec5cd2f324ed134fccec7271673a7747
    sponsorsSection/heading: da38781314062f3f790b91cf0a66e46b
    sponsorsSection/sponsorMyWork: a29b433b07a9b3462e07528f0a08af37
    testimonials/sectionLabel: 688c5a5ec7bfd3537da86b5e6ccf6f60
